// !$*UTF8*$!
{
	archiveVersion = 1;
	classes = {
	};
	objectVersion = 56;
	objects = {

/* Begin PBXBuildFile section */
		0F66A23C15AB9EB9CF0FD2E2 /* Pods_Evia.framework in Frameworks */ = {isa = PBXBuildFile; fileRef = 181EEFF35966594B7BB744F2 /* Pods_Evia.framework */; };
		DC61F7932B1E03D800B15A27 /* AppDelegate.swift in Sources */ = {isa = PBXBuildFile; fileRef = DC61F7922B1E03D800B15A27 /* AppDelegate.swift */; };
		DC61F7952B1E03D800B15A27 /* SceneDelegate.swift in Sources */ = {isa = PBXBuildFile; fileRef = DC61F7942B1E03D800B15A27 /* SceneDelegate.swift */; };
		DC61F7972B1E03D800B15A27 /* ViewController.swift in Sources */ = {isa = PBXBuildFile; fileRef = DC61F7962B1E03D800B15A27 /* ViewController.swift */; };
		DC61F79C2B1E03D900B15A27 /* Assets.xcassets in Resources */ = {isa = PBXBuildFile; fileRef = DC61F79B2B1E03D900B15A27 /* Assets.xcassets */; };
		DC61F79F2B1E03D900B15A27 /* LaunchScreen.storyboard in Resources */ = {isa = PBXBuildFile; fileRef = DC61F79D2B1E03D900B15A27 /* LaunchScreen.storyboard */; };
		DC61F7A82B1E085700B15A27 /* UIViewControllerExtension.swift in Sources */ = {isa = PBXBuildFile; fileRef = DC61F7A72B1E085700B15A27 /* UIViewControllerExtension.swift */; };
		DCB6AFCC2B21031200A73C79 /* .swiftlint.yml in Resources */ = {isa = PBXBuildFile; fileRef = DCB6AFC92B20FB7F00A73C79 /* .swiftlint.yml */; };
		DCB6AFD52B21043400A73C79 /* Icons.xcassets in Resources */ = {isa = PBXBuildFile; fileRef = DCB6AFD42B21043400A73C79 /* Icons.xcassets */; };
		DCB6AFD72B21044E00A73C79 /* Images.xcassets in Resources */ = {isa = PBXBuildFile; fileRef = DCB6AFD62B21044E00A73C79 /* Images.xcassets */; };
		DCB6AFD92B21045900A73C79 /* Colors.xcassets in Resources */ = {isa = PBXBuildFile; fileRef = DCB6AFD82B21045900A73C79 /* Colors.xcassets */; };
		DCB6AFDC2B21057E00A73C79 /* General.strings in Resources */ = {isa = PBXBuildFile; fileRef = DCB6AFDB2B21057E00A73C79 /* General.strings */; };
		DCB6AFE12B210A9900A73C79 /* swiftgen.yml in Resources */ = {isa = PBXBuildFile; fileRef = DCB6AFE02B210A9900A73C79 /* swiftgen.yml */; };
		DCB6AFE32B210C3900A73C79 /* Assets.swift in Sources */ = {isa = PBXBuildFile; fileRef = DCB6AFE22B210C3900A73C79 /* Assets.swift */; };
		DCB6AFE52B210C4200A73C79 /* Fonts.swift in Sources */ = {isa = PBXBuildFile; fileRef = DCB6AFE42B210C4200A73C79 /* Fonts.swift */; };
		DCB6AFE72B210C4A00A73C79 /* StringConstants.swift in Sources */ = {isa = PBXBuildFile; fileRef = DCB6AFE62B210C4A00A73C79 /* StringConstants.swift */; };
/* End PBXBuildFile section */

/* Begin PBXFileReference section */
		181EEFF35966594B7BB744F2 /* Pods_Evia.framework */ = {isa = PBXFileReference; explicitFileType = wrapper.framework; includeInIndex = 0; path = Pods_Evia.framework; sourceTree = BUILT_PRODUCTS_DIR; };
		4EE472422698ACF3AA8F9D34 /* Pods-Evia.release.xcconfig */ = {isa = PBXFileReference; includeInIndex = 1; lastKnownFileType = text.xcconfig; name = "Pods-Evia.release.xcconfig"; path = "Target Support Files/Pods-Evia/Pods-Evia.release.xcconfig"; sourceTree = "<group>"; };
		B083880E348329E1E3C2767E /* Pods-Evia.debug.xcconfig */ = {isa = PBXFileReference; includeInIndex = 1; lastKnownFileType = text.xcconfig; name = "Pods-Evia.debug.xcconfig"; path = "Target Support Files/Pods-Evia/Pods-Evia.debug.xcconfig"; sourceTree = "<group>"; };
		DC61F78F2B1E03D800B15A27 /* Evia.app */ = {isa = PBXFileReference; explicitFileType = wrapper.application; includeInIndex = 0; path = Evia.app; sourceTree = BUILT_PRODUCTS_DIR; };
		DC61F7922B1E03D800B15A27 /* AppDelegate.swift */ = {isa = PBXFileReference; lastKnownFileType = sourcecode.swift; path = AppDelegate.swift; sourceTree = "<group>"; };
		DC61F7942B1E03D800B15A27 /* SceneDelegate.swift */ = {isa = PBXFileReference; lastKnownFileType = sourcecode.swift; path = SceneDelegate.swift; sourceTree = "<group>"; };
		DC61F7962B1E03D800B15A27 /* ViewController.swift */ = {isa = PBXFileReference; lastKnownFileType = sourcecode.swift; path = ViewController.swift; sourceTree = "<group>"; };
		DC61F79B2B1E03D900B15A27 /* Assets.xcassets */ = {isa = PBXFileReference; lastKnownFileType = folder.assetcatalog; path = Assets.xcassets; sourceTree = "<group>"; };
		DC61F79E2B1E03D900B15A27 /* Base */ = {isa = PBXFileReference; lastKnownFileType = file.storyboard; name = Base; path = Base.lproj/LaunchScreen.storyboard; sourceTree = "<group>"; };
		DC61F7A02B1E03D900B15A27 /* Info.plist */ = {isa = PBXFileReference; lastKnownFileType = text.plist.xml; path = Info.plist; sourceTree = "<group>"; };
		DC61F7A72B1E085700B15A27 /* UIViewControllerExtension.swift */ = {isa = PBXFileReference; lastKnownFileType = sourcecode.swift; path = UIViewControllerExtension.swift; sourceTree = "<group>"; };
		DCB6AFC92B20FB7F00A73C79 /* .swiftlint.yml */ = {isa = PBXFileReference; fileEncoding = 4; lastKnownFileType = text.yaml; path = .swiftlint.yml; sourceTree = "<group>"; };
		DCB6AFD42B21043400A73C79 /* Icons.xcassets */ = {isa = PBXFileReference; lastKnownFileType = folder.assetcatalog; path = Icons.xcassets; sourceTree = "<group>"; };
		DCB6AFD62B21044E00A73C79 /* Images.xcassets */ = {isa = PBXFileReference; lastKnownFileType = folder.assetcatalog; path = Images.xcassets; sourceTree = "<group>"; };
		DCB6AFD82B21045900A73C79 /* Colors.xcassets */ = {isa = PBXFileReference; lastKnownFileType = folder.assetcatalog; path = Colors.xcassets; sourceTree = "<group>"; };
		DCB6AFDB2B21057E00A73C79 /* General.strings */ = {isa = PBXFileReference; lastKnownFileType = text.plist.strings; path = General.strings; sourceTree = "<group>"; };
		DCB6AFE02B210A9900A73C79 /* swiftgen.yml */ = {isa = PBXFileReference; fileEncoding = 4; lastKnownFileType = text.yaml; path = swiftgen.yml; sourceTree = "<group>"; };
		DCB6AFE22B210C3900A73C79 /* Assets.swift */ = {isa = PBXFileReference; fileEncoding = 4; lastKnownFileType = sourcecode.swift; path = Assets.swift; sourceTree = "<group>"; };
		DCB6AFE42B210C4200A73C79 /* Fonts.swift */ = {isa = PBXFileReference; fileEncoding = 4; lastKnownFileType = sourcecode.swift; path = Fonts.swift; sourceTree = "<group>"; };
		DCB6AFE62B210C4A00A73C79 /* StringConstants.swift */ = {isa = PBXFileReference; fileEncoding = 4; lastKnownFileType = sourcecode.swift; path = StringConstants.swift; sourceTree = "<group>"; };
/* End PBXFileReference section */

/* Begin PBXFrameworksBuildPhase section */
		DC61F78C2B1E03D800B15A27 /* Frameworks */ = {
			isa = PBXFrameworksBuildPhase;
			buildActionMask = 2147483647;
			files = (
				0F66A23C15AB9EB9CF0FD2E2 /* Pods_Evia.framework in Frameworks */,
			);
			runOnlyForDeploymentPostprocessing = 0;
		};
/* End PBXFrameworksBuildPhase section */

/* Begin PBXGroup section */
		B9EDC838950A93318387ED73 /* Pods */ = {
			isa = PBXGroup;
			children = (
				B083880E348329E1E3C2767E /* Pods-Evia.debug.xcconfig */,
				4EE472422698ACF3AA8F9D34 /* Pods-Evia.release.xcconfig */,
			);
			path = Pods;
			sourceTree = "<group>";
		};
		DB49908F0439796199812327 /* Frameworks */ = {
			isa = PBXGroup;
			children = (
				181EEFF35966594B7BB744F2 /* Pods_Evia.framework */,
			);
			name = Frameworks;
			sourceTree = "<group>";
		};
		DC61F7862B1E03D800B15A27 = {
			isa = PBXGroup;
			children = (
				DCB6AFE02B210A9900A73C79 /* swiftgen.yml */,
				DCB6AFC92B20FB7F00A73C79 /* .swiftlint.yml */,
				DC61F7912B1E03D800B15A27 /* Evia */,
				DC61F7902B1E03D800B15A27 /* Products */,
				B9EDC838950A93318387ED73 /* Pods */,
				DB49908F0439796199812327 /* Frameworks */,
			);
			sourceTree = "<group>";
		};
		DC61F7902B1E03D800B15A27 /* Products */ = {
			isa = PBXGroup;
			children = (
				DC61F78F2B1E03D800B15A27 /* Evia.app */,
			);
			name = Products;
			sourceTree = "<group>";
		};
		DC61F7912B1E03D800B15A27 /* Evia */ = {
			isa = PBXGroup;
			children = (
				DCB6AFC72B20F9FE00A73C79 /* AppDelegate */,
				DC61F7A62B1E083800B15A27 /* Extensions */,
				DCB6AFD02B2103C800A73C79 /* Resources */,
				DCB6AFE82B210C7B00A73C79 /* Scene */,
				DC61F79B2B1E03D900B15A27 /* Assets.xcassets */,
				DC61F79D2B1E03D900B15A27 /* LaunchScreen.storyboard */,
				DC61F7A02B1E03D900B15A27 /* Info.plist */,
			);
			path = Evia;
			sourceTree = "<group>";
		};
		DC61F7A62B1E083800B15A27 /* Extensions */ = {
			isa = PBXGroup;
			children = (
				DC61F7A72B1E085700B15A27 /* UIViewControllerExtension.swift */,
			);
			path = Extensions;
			sourceTree = "<group>";
		};
		DCB6AFC72B20F9FE00A73C79 /* AppDelegate */ = {
			isa = PBXGroup;
			children = (
				DC61F7922B1E03D800B15A27 /* AppDelegate.swift */,
				DC61F7942B1E03D800B15A27 /* SceneDelegate.swift */,
			);
			path = AppDelegate;
			sourceTree = "<group>";
		};
		DCB6AFD02B2103C800A73C79 /* Resources */ = {
			isa = PBXGroup;
			children = (
				DCB6AFD12B2103CF00A73C79 /* Assets */,
				DCB6AFD22B2103D600A73C79 /* Fonts */,
				DCB6AFD32B2103DE00A73C79 /* Strings */,
			);
			path = Resources;
			sourceTree = "<group>";
		};
		DCB6AFD12B2103CF00A73C79 /* Assets */ = {
			isa = PBXGroup;
			children = (
				DCB6AFE22B210C3900A73C79 /* Assets.swift */,
				DCB6AFD42B21043400A73C79 /* Icons.xcassets */,
				DCB6AFD62B21044E00A73C79 /* Images.xcassets */,
				DCB6AFD82B21045900A73C79 /* Colors.xcassets */,
			);
			path = Assets;
			sourceTree = "<group>";
		};
		DCB6AFD22B2103D600A73C79 /* Fonts */ = {
			isa = PBXGroup;
			children = (
				DCB6AFE42B210C4200A73C79 /* Fonts.swift */,
			);
			path = Fonts;
			sourceTree = "<group>";
		};
		DCB6AFD32B2103DE00A73C79 /* Strings */ = {
			isa = PBXGroup;
			children = (
				DCB6AFE62B210C4A00A73C79 /* StringConstants.swift */,
				DCB6AFDB2B21057E00A73C79 /* General.strings */,
			);
			path = Strings;
			sourceTree = "<group>";
		};
		DCB6AFE82B210C7B00A73C79 /* Scene */ = {
			isa = PBXGroup;
			children = (
				DCB6AFEC2B210CA200A73C79 /* Home */,
				DCB6AFE92B210C8100A73C79 /* Auth */,
			);
			path = Scene;
			sourceTree = "<group>";
		};
		DCB6AFE92B210C8100A73C79 /* Auth */ = {
			isa = PBXGroup;
			children = (
				DCB6AFEA2B210C8800A73C79 /* Login */,
			);
			path = Auth;
			sourceTree = "<group>";
		};
		DCB6AFEA2B210C8800A73C79 /* Login */ = {
			isa = PBXGroup;
			children = (
			);
			path = Login;
			sourceTree = "<group>";
		};
		DCB6AFEC2B210CA200A73C79 /* Home */ = {
			isa = PBXGroup;
			children = (
				DC61F7962B1E03D800B15A27 /* ViewController.swift */,
			);
			path = Home;
			sourceTree = "<group>";
		};
/* End PBXGroup section */

/* Begin PBXNativeTarget section */
		DC61F78E2B1E03D800B15A27 /* Evia */ = {
			isa = PBXNativeTarget;
			buildConfigurationList = DC61F7A32B1E03D900B15A27 /* Build configuration list for PBXNativeTarget "Evia" */;
			buildPhases = (
				357D4F94405179BEA9983DF0 /* [CP] Check Pods Manifest.lock */,
				DC61F78B2B1E03D800B15A27 /* Sources */,
				DC61F78C2B1E03D800B15A27 /* Frameworks */,
				DC61F78D2B1E03D800B15A27 /* Resources */,
				DCB6AFCD2B21031F00A73C79 /* SwiftLint */,
				DCB6AFDD2B21074A00A73C79 /* Swiftgen */,
			);
			buildRules = (
			);
			dependencies = (
			);
			name = Evia;
			productName = Evia;
			productReference = DC61F78F2B1E03D800B15A27 /* Evia.app */;
			productType = "com.apple.product-type.application";
		};
/* End PBXNativeTarget section */

/* Begin PBXProject section */
		DC61F7872B1E03D800B15A27 /* Project object */ = {
			isa = PBXProject;
			attributes = {
				BuildIndependentTargetsInParallel = 1;
				LastSwiftUpdateCheck = 1500;
				LastUpgradeCheck = 1500;
				TargetAttributes = {
					DC61F78E2B1E03D800B15A27 = {
						CreatedOnToolsVersion = 15.0.1;
					};
				};
			};
			buildConfigurationList = DC61F78A2B1E03D800B15A27 /* Build configuration list for PBXProject "Evia" */;
			compatibilityVersion = "Xcode 14.0";
			developmentRegion = en;
			hasScannedForEncodings = 0;
			knownRegions = (
				en,
				Base,
			);
			mainGroup = DC61F7862B1E03D800B15A27;
			productRefGroup = DC61F7902B1E03D800B15A27 /* Products */;
			projectDirPath = "";
			projectRoot = "";
			targets = (
				DC61F78E2B1E03D800B15A27 /* Evia */,
			);
		};
/* End PBXProject section */

/* Begin PBXResourcesBuildPhase section */
		DC61F78D2B1E03D800B15A27 /* Resources */ = {
			isa = PBXResourcesBuildPhase;
			buildActionMask = 2147483647;
			files = (
				DCB6AFCC2B21031200A73C79 /* .swiftlint.yml in Resources */,
				DC61F79F2B1E03D900B15A27 /* LaunchScreen.storyboard in Resources */,
				DC61F79C2B1E03D900B15A27 /* Assets.xcassets in Resources */,
				DCB6AFE12B210A9900A73C79 /* swiftgen.yml in Resources */,
				DCB6AFD72B21044E00A73C79 /* Images.xcassets in Resources */,
				DCB6AFDC2B21057E00A73C79 /* General.strings in Resources */,
				DCB6AFD52B21043400A73C79 /* Icons.xcassets in Resources */,
				DCB6AFD92B21045900A73C79 /* Colors.xcassets in Resources */,
			);
			runOnlyForDeploymentPostprocessing = 0;
		};
/* End PBXResourcesBuildPhase section */

/* Begin PBXShellScriptBuildPhase section */
		357D4F94405179BEA9983DF0 /* [CP] Check Pods Manifest.lock */ = {
			isa = PBXShellScriptBuildPhase;
			buildActionMask = 2147483647;
			files = (
			);
			inputFileListPaths = (
			);
			inputPaths = (
				"${PODS_PODFILE_DIR_PATH}/Podfile.lock",
				"${PODS_ROOT}/Manifest.lock",
			);
			name = "[CP] Check Pods Manifest.lock";
			outputFileListPaths = (
			);
			outputPaths = (
				"$(DERIVED_FILE_DIR)/Pods-Evia-checkManifestLockResult.txt",
			);
			runOnlyForDeploymentPostprocessing = 0;
			shellPath = /bin/sh;
			shellScript = "diff \"${PODS_PODFILE_DIR_PATH}/Podfile.lock\" \"${PODS_ROOT}/Manifest.lock\" > /dev/null\nif [ $? != 0 ] ; then\n    # print error to STDERR\n    echo \"error: The sandbox is not in sync with the Podfile.lock. Run 'pod install' or update your CocoaPods installation.\" >&2\n    exit 1\nfi\n# This output is used by Xcode 'outputs' to avoid re-running this script phase.\necho \"SUCCESS\" > \"${SCRIPT_OUTPUT_FILE_0}\"\n";
			showEnvVarsInLog = 0;
		};
		DCB6AFCD2B21031F00A73C79 /* SwiftLint */ = {
			isa = PBXShellScriptBuildPhase;
			buildActionMask = 2147483647;
			files = (
			);
			inputFileListPaths = (
			);
			inputPaths = (
			);
			name = SwiftLint;
			outputFileListPaths = (
			);
			outputPaths = (
			);
			runOnlyForDeploymentPostprocessing = 0;
			shellPath = /bin/sh;
			shellScript = "\"${PODS_ROOT}/SwiftLint/swiftlint\"\n";
		};
		DCB6AFDD2B21074A00A73C79 /* Swiftgen */ = {
			isa = PBXShellScriptBuildPhase;
			buildActionMask = 2147483647;
			files = (
			);
			inputFileListPaths = (
			);
			inputPaths = (
			);
			name = Swiftgen;
			outputFileListPaths = (
			);
			outputPaths = (
			);
			runOnlyForDeploymentPostprocessing = 0;
			shellPath = /bin/sh;
			shellScript = "if [[ -f \"${PODS_ROOT}/SwiftGen/bin/swiftgen\" ]]; then\n  \"${PODS_ROOT}/SwiftGen/bin/swiftgen\"\nelse\n  echo \"warning: SwiftGen is not installed. Run 'pod install --repo-update' to install it.\"\nfi\n";
		};
/* End PBXShellScriptBuildPhase section */

/* Begin PBXSourcesBuildPhase section */
		DC61F78B2B1E03D800B15A27 /* Sources */ = {
			isa = PBXSourcesBuildPhase;
			buildActionMask = 2147483647;
			files = (
				DC61F7A82B1E085700B15A27 /* UIViewControllerExtension.swift in Sources */,
				DC61F7972B1E03D800B15A27 /* ViewController.swift in Sources */,
				DC61F7932B1E03D800B15A27 /* AppDelegate.swift in Sources */,
				DCB6AFE72B210C4A00A73C79 /* StringConstants.swift in Sources */,
				DCB6AFE32B210C3900A73C79 /* Assets.swift in Sources */,
				DCB6AFE52B210C4200A73C79 /* Fonts.swift in Sources */,
				DC61F7952B1E03D800B15A27 /* SceneDelegate.swift in Sources */,
			);
			runOnlyForDeploymentPostprocessing = 0;
		};
/* End PBXSourcesBuildPhase section */

/* Begin PBXVariantGroup section */
		DC61F79D2B1E03D900B15A27 /* LaunchScreen.storyboard */ = {
			isa = PBXVariantGroup;
			children = (
				DC61F79E2B1E03D900B15A27 /* Base */,
			);
			name = LaunchScreen.storyboard;
			sourceTree = "<group>";
		};
/* End PBXVariantGroup section */

/* Begin XCBuildConfiguration section */
		DC61F7A12B1E03D900B15A27 /* Debug */ = {
			isa = XCBuildConfiguration;
			buildSettings = {
				ALWAYS_SEARCH_USER_PATHS = NO;
				ASSETCATALOG_COMPILER_GENERATE_SWIFT_ASSET_SYMBOL_EXTENSIONS = YES;
				CLANG_ANALYZER_NONNULL = YES;
				CLANG_ANALYZER_NUMBER_OBJECT_CONVERSION = YES_AGGRESSIVE;
				CLANG_CXX_LANGUAGE_STANDARD = "gnu++20";
				CLANG_ENABLE_MODULES = YES;
				CLANG_ENABLE_OBJC_ARC = YES;
				CLANG_ENABLE_OBJC_WEAK = YES;
				CLANG_WARN_BLOCK_CAPTURE_AUTORELEASING = YES;
				CLANG_WARN_BOOL_CONVERSION = YES;
				CLANG_WARN_COMMA = YES;
				CLANG_WARN_CONSTANT_CONVERSION = YES;
				CLANG_WARN_DEPRECATED_OBJC_IMPLEMENTATIONS = YES;
				CLANG_WARN_DIRECT_OBJC_ISA_USAGE = YES_ERROR;
				CLANG_WARN_DOCUMENTATION_COMMENTS = YES;
				CLANG_WARN_EMPTY_BODY = YES;
				CLANG_WARN_ENUM_CONVERSION = YES;
				CLANG_WARN_INFINITE_RECURSION = YES;
				CLANG_WARN_INT_CONVERSION = YES;
				CLANG_WARN_NON_LITERAL_NULL_CONVERSION = YES;
				CLANG_WARN_OBJC_IMPLICIT_RETAIN_SELF = YES;
				CLANG_WARN_OBJC_LITERAL_CONVERSION = YES;
				CLANG_WARN_OBJC_ROOT_CLASS = YES_ERROR;
				CLANG_WARN_QUOTED_INCLUDE_IN_FRAMEWORK_HEADER = YES;
				CLANG_WARN_RANGE_LOOP_ANALYSIS = YES;
				CLANG_WARN_STRICT_PROTOTYPES = YES;
				CLANG_WARN_SUSPICIOUS_MOVE = YES;
				CLANG_WARN_UNGUARDED_AVAILABILITY = YES_AGGRESSIVE;
				CLANG_WARN_UNREACHABLE_CODE = YES;
				CLANG_WARN__DUPLICATE_METHOD_MATCH = YES;
				COPY_PHASE_STRIP = NO;
				DEBUG_INFORMATION_FORMAT = dwarf;
				ENABLE_STRICT_OBJC_MSGSEND = YES;
				ENABLE_TESTABILITY = YES;
				ENABLE_USER_SCRIPT_SANDBOXING = YES;
				GCC_C_LANGUAGE_STANDARD = gnu17;
				GCC_DYNAMIC_NO_PIC = NO;
				GCC_NO_COMMON_BLOCKS = YES;
				GCC_OPTIMIZATION_LEVEL = 0;
				GCC_PREPROCESSOR_DEFINITIONS = (
					"DEBUG=1",
					"$(inherited)",
				);
				GCC_WARN_64_TO_32_BIT_CONVERSION = YES;
				GCC_WARN_ABOUT_RETURN_TYPE = YES_ERROR;
				GCC_WARN_UNDECLARED_SELECTOR = YES;
				GCC_WARN_UNINITIALIZED_AUTOS = YES_AGGRESSIVE;
				GCC_WARN_UNUSED_FUNCTION = YES;
				GCC_WARN_UNUSED_VARIABLE = YES;
				IPHONEOS_DEPLOYMENT_TARGET = 17.0;
				LOCALIZATION_PREFERS_STRING_CATALOGS = YES;
				MTL_ENABLE_DEBUG_INFO = INCLUDE_SOURCE;
				MTL_FAST_MATH = YES;
				ONLY_ACTIVE_ARCH = YES;
				SDKROOT = iphoneos;
				SWIFT_ACTIVE_COMPILATION_CONDITIONS = "DEBUG $(inherited)";
				SWIFT_OPTIMIZATION_LEVEL = "-Onone";
			};
			name = Debug;
		};
		DC61F7A22B1E03D900B15A27 /* Release */ = {
			isa = XCBuildConfiguration;
			buildSettings = {
				ALWAYS_SEARCH_USER_PATHS = NO;
				ASSETCATALOG_COMPILER_GENERATE_SWIFT_ASSET_SYMBOL_EXTENSIONS = YES;
				CLANG_ANALYZER_NONNULL = YES;
				CLANG_ANALYZER_NUMBER_OBJECT_CONVERSION = YES_AGGRESSIVE;
				CLANG_CXX_LANGUAGE_STANDARD = "gnu++20";
				CLANG_ENABLE_MODULES = YES;
				CLANG_ENABLE_OBJC_ARC = YES;
				CLANG_ENABLE_OBJC_WEAK = YES;
				CLANG_WARN_BLOCK_CAPTURE_AUTORELEASING = YES;
				CLANG_WARN_BOOL_CONVERSION = YES;
				CLANG_WARN_COMMA = YES;
				CLANG_WARN_CONSTANT_CONVERSION = YES;
				CLANG_WARN_DEPRECATED_OBJC_IMPLEMENTATIONS = YES;
				CLANG_WARN_DIRECT_OBJC_ISA_USAGE = YES_ERROR;
				CLANG_WARN_DOCUMENTATION_COMMENTS = YES;
				CLANG_WARN_EMPTY_BODY = YES;
				CLANG_WARN_ENUM_CONVERSION = YES;
				CLANG_WARN_INFINITE_RECURSION = YES;
				CLANG_WARN_INT_CONVERSION = YES;
				CLANG_WARN_NON_LITERAL_NULL_CONVERSION = YES;
				CLANG_WARN_OBJC_IMPLICIT_RETAIN_SELF = YES;
				CLANG_WARN_OBJC_LITERAL_CONVERSION = YES;
				CLANG_WARN_OBJC_ROOT_CLASS = YES_ERROR;
				CLANG_WARN_QUOTED_INCLUDE_IN_FRAMEWORK_HEADER = YES;
				CLANG_WARN_RANGE_LOOP_ANALYSIS = YES;
				CLANG_WARN_STRICT_PROTOTYPES = YES;
				CLANG_WARN_SUSPICIOUS_MOVE = YES;
				CLANG_WARN_UNGUARDED_AVAILABILITY = YES_AGGRESSIVE;
				CLANG_WARN_UNREACHABLE_CODE = YES;
				CLANG_WARN__DUPLICATE_METHOD_MATCH = YES;
				COPY_PHASE_STRIP = NO;
				DEBUG_INFORMATION_FORMAT = "dwarf-with-dsym";
				ENABLE_NS_ASSERTIONS = NO;
				ENABLE_STRICT_OBJC_MSGSEND = YES;
				ENABLE_USER_SCRIPT_SANDBOXING = YES;
				GCC_C_LANGUAGE_STANDARD = gnu17;
				GCC_NO_COMMON_BLOCKS = YES;
				GCC_WARN_64_TO_32_BIT_CONVERSION = YES;
				GCC_WARN_ABOUT_RETURN_TYPE = YES_ERROR;
				GCC_WARN_UNDECLARED_SELECTOR = YES;
				GCC_WARN_UNINITIALIZED_AUTOS = YES_AGGRESSIVE;
				GCC_WARN_UNUSED_FUNCTION = YES;
				GCC_WARN_UNUSED_VARIABLE = YES;
				IPHONEOS_DEPLOYMENT_TARGET = 17.0;
				LOCALIZATION_PREFERS_STRING_CATALOGS = YES;
				MTL_ENABLE_DEBUG_INFO = NO;
				MTL_FAST_MATH = YES;
				SDKROOT = iphoneos;
				SWIFT_COMPILATION_MODE = wholemodule;
				VALIDATE_PRODUCT = YES;
			};
			name = Release;
		};
		DC61F7A42B1E03D900B15A27 /* Debug */ = {
			isa = XCBuildConfiguration;
			baseConfigurationReference = B083880E348329E1E3C2767E /* Pods-Evia.debug.xcconfig */;
			buildSettings = {
				ASSETCATALOG_COMPILER_APPICON_NAME = AppIcon;
				ASSETCATALOG_COMPILER_GLOBAL_ACCENT_COLOR_NAME = AccentColor;
				CODE_SIGN_STYLE = Automatic;
				CURRENT_PROJECT_VERSION = 1;
				DEVELOPMENT_TEAM = 27976765KZ;
				ENABLE_APP_SANDBOX = NO;
				ENABLE_USER_SCRIPT_SANDBOXING = NO;
				GENERATE_INFOPLIST_FILE = YES;
				INFOPLIST_FILE = Evia/Info.plist;
				INFOPLIST_KEY_UIApplicationSupportsIndirectInputEvents = YES;
				INFOPLIST_KEY_UILaunchStoryboardName = LaunchScreen;
				INFOPLIST_KEY_UIMainStoryboardFile = "";
				INFOPLIST_KEY_UISupportedInterfaceOrientations_iPad = "UIInterfaceOrientationPortrait UIInterfaceOrientationPortraitUpsideDown UIInterfaceOrientationLandscapeLeft UIInterfaceOrientationLandscapeRight";
				INFOPLIST_KEY_UISupportedInterfaceOrientations_iPhone = "UIInterfaceOrientationPortrait UIInterfaceOrientationLandscapeLeft UIInterfaceOrientationLandscapeRight";
				IPHONEOS_DEPLOYMENT_TARGET = 13.0;
				LD_RUNPATH_SEARCH_PATHS = (
					"$(inherited)",
					"@executable_path/Frameworks",
				);
				MARKETING_VERSION = 1.0;
				PRODUCT_BUNDLE_IDENTIFIER = furkankeskin.Evia;
				PRODUCT_NAME = "$(TARGET_NAME)";
				SWIFT_EMIT_LOC_STRINGS = YES;
				SWIFT_VERSION = 5.0;
				TARGETED_DEVICE_FAMILY = "1,2";
			};
			name = Debug;
		};
		DC61F7A52B1E03D900B15A27 /* Release */ = {
			isa = XCBuildConfiguration;
			baseConfigurationReference = 4EE472422698ACF3AA8F9D34 /* Pods-Evia.release.xcconfig */;
			buildSettings = {
				ASSETCATALOG_COMPILER_APPICON_NAME = AppIcon;
				ASSETCATALOG_COMPILER_GLOBAL_ACCENT_COLOR_NAME = AccentColor;
				CODE_SIGN_STYLE = Automatic;
				CURRENT_PROJECT_VERSION = 1;
				DEVELOPMENT_TEAM = 27976765KZ;
				ENABLE_APP_SANDBOX = NO;
				ENABLE_USER_SCRIPT_SANDBOXING = NO;
				GENERATE_INFOPLIST_FILE = YES;
				INFOPLIST_FILE = Evia/Info.plist;
				INFOPLIST_KEY_UIApplicationSupportsIndirectInputEvents = YES;
				INFOPLIST_KEY_UILaunchStoryboardName = LaunchScreen;
				INFOPLIST_KEY_UIMainStoryboardFile = "";
				INFOPLIST_KEY_UISupportedInterfaceOrientations_iPad = "UIInterfaceOrientationPortrait UIInterfaceOrientationPortraitUpsideDown UIInterfaceOrientationLandscapeLeft UIInterfaceOrientationLandscapeRight";
				INFOPLIST_KEY_UISupportedInterfaceOrientations_iPhone = "UIInterfaceOrientationPortrait UIInterfaceOrientationLandscapeLeft UIInterfaceOrientationLandscapeRight";
				IPHONEOS_DEPLOYMENT_TARGET = 13.0;
				LD_RUNPATH_SEARCH_PATHS = (
					"$(inherited)",
					"@executable_path/Frameworks",
				);
				MARKETING_VERSION = 1.0;
				PRODUCT_BUNDLE_IDENTIFIER = furkankeskin.Evia;
				PRODUCT_NAME = "$(TARGET_NAME)";
				SWIFT_EMIT_LOC_STRINGS = YES;
				SWIFT_VERSION = 5.0;
				TARGETED_DEVICE_FAMILY = "1,2";
			};
			name = Release;
		};
/* End XCBuildConfiguration section */

/* Begin XCConfigurationList section */
		DC61F78A2B1E03D800B15A27 /* Build configuration list for PBXProject "Evia" */ = {
			isa = XCConfigurationList;
			buildConfigurations = (
				DC61F7A12B1E03D900B15A27 /* Debug */,
				DC61F7A22B1E03D900B15A27 /* Release */,
			);
			defaultConfigurationIsVisible = 0;
			defaultConfigurationName = Release;
		};
		DC61F7A32B1E03D900B15A27 /* Build configuration list for PBXNativeTarget "Evia" */ = {
			isa = XCConfigurationList;
			buildConfigurations = (
				DC61F7A42B1E03D900B15A27 /* Debug */,
				DC61F7A52B1E03D900B15A27 /* Release */,
			);
			defaultConfigurationIsVisible = 0;
			defaultConfigurationName = Release;
		};
/* End XCConfigurationList section */
	};
	rootObject = DC61F7872B1E03D800B15A27 /* Project object */;
}
